
Microsoft Visual Studio Solution File, Format Version 12.00
# Visual Studio Version 17
VisualStudioVersion = 17.5.002.0
MinimumVisualStudioVersion = 10.0.40219.1
Project("{2150E333-8FDC-42A3-9474-1A3956D46DE8}") = "backend", "backend", "{88EDBB4C-055B-493F-9F7F-919F624FCADB}"
EndProject
Project("{9A19103F-16F7-4668-BE54-9A1E7A4F7556}") = "api", "backend\api\api.csproj", "{1DB441AE-A9DA-446B-B5DC-E835B1913164}"
EndProject
Global
	GlobalSection(SolutionConfigurationPlatforms) = preSolution
		Debug|Any CPU = Debug|Any CPU
		Release|Any CPU = Release|Any CPU
	EndGlobalSection
	GlobalSection(ProjectConfigurationPlatforms) = postSolution
		{1DB441AE-A9DA-446B-B5DC-E835B1913164}.Debug|Any CPU.ActiveCfg = Debug|Any CPU
		{1DB441AE-A9DA-446B-B5DC-E835B1913164}.Debug|Any CPU.Build.0 = Debug|Any CPU
		{1DB441AE-A9DA-446B-B5DC-E835B1913164}.Release|Any CPU.ActiveCfg = Release|Any CPU
		{1DB441AE-A9DA-446B-B5DC-E835B1913164}.Release|Any CPU.Build.0 = Release|Any CPU
	EndGlobalSection
	GlobalSection(SolutionProperties) = preSolution
		HideSolutionNode = FALSE
	EndGlobalSection
	GlobalSection(NestedProjects) = preSolution
		{1DB441AE-A9DA-446B-B5DC-E835B1913164} = {88EDBB4C-055B-493F-9F7F-919F624FCADB}
	EndGlobalSection
	GlobalSection(ExtensibilityGlobals) = postSolution
		SolutionGuid = {09E71C55-D2C1-46E9-B6E8-F4C584A8EBFB}
	EndGlobalSection
EndGlobal
